// !$*UTF8*$!
{
	archiveVersion = 1;
	classes = {
	};
	objectVersion = 46;
	objects = {

/* Begin PBXBuildFile section */
		12F4E58C1DDDDD5000BAFC03 /* AppDelegate.swift in Sources */ = {isa = PBXBuildFile; fileRef = 12F4E58B1DDDDD5000BAFC03 /* AppDelegate.swift */; };
		12F4E58E1DDDDD5000BAFC03 /* ViewController.swift in Sources */ = {isa = PBXBuildFile; fileRef = 12F4E58D1DDDDD5000BAFC03 /* ViewController.swift */; };
		12F4E5911DDDDD5000BAFC03 /* Main.storyboard in Resources */ = {isa = PBXBuildFile; fileRef = 12F4E58F1DDDDD5000BAFC03 /* Main.storyboard */; };
		12F4E5931DDDDD5000BAFC03 /* Assets.xcassets in Resources */ = {isa = PBXBuildFile; fileRef = 12F4E5921DDDDD5000BAFC03 /* Assets.xcassets */; };
		12F4E5961DDDDD5000BAFC03 /* LaunchScreen.storyboard in Resources */ = {isa = PBXBuildFile; fileRef = 12F4E5941DDDDD5000BAFC03 /* LaunchScreen.storyboard */; };
		12F4E5A11DDDDD5000BAFC03 /* ScribeTests.swift in Sources */ = {isa = PBXBuildFile; fileRef = 12F4E5A01DDDDD5000BAFC03 /* ScribeTests.swift */; };
		12F4E5AF1DDDE19A00BAFC03 /* CircleButton.swift in Sources */ = {isa = PBXBuildFile; fileRef = 12F4E5AE1DDDE19A00BAFC03 /* CircleButton.swift */; };
		12F4E5B21DDDE59D00BAFC03 /* test.m4a in Resources */ = {isa = PBXBuildFile; fileRef = 12F4E5B11DDDE59D00BAFC03 /* test.m4a */; };
/* End PBXBuildFile section */

/* Begin PBXContainerItemProxy section */
		12F4E59D1DDDDD5000BAFC03 /* PBXContainerItemProxy */ = {
			isa = PBXContainerItemProxy;
			containerPortal = 12F4E5801DDDDD4F00BAFC03 /* Project object */;
			proxyType = 1;
			remoteGlobalIDString = 12F4E5871DDDDD4F00BAFC03;
			remoteInfo = Scribe;
		};
/* End PBXContainerItemProxy section */

/* Begin PBXFileReference section */
		12F4E5881DDDDD5000BAFC03 /* Scribe.app */ = {isa = PBXFileReference; explicitFileType = wrapper.application; includeInIndex = 0; path = Scribe.app; sourceTree = BUILT_PRODUCTS_DIR; };
		12F4E58B1DDDDD5000BAFC03 /* AppDelegate.swift */ = {isa = PBXFileReference; lastKnownFileType = sourcecode.swift; path = AppDelegate.swift; sourceTree = "<group>"; };
		12F4E58D1DDDDD5000BAFC03 /* ViewController.swift */ = {isa = PBXFileReference; lastKnownFileType = sourcecode.swift; path = ViewController.swift; sourceTree = "<group>"; };
		12F4E5901DDDDD5000BAFC03 /* Base */ = {isa = PBXFileReference; lastKnownFileType = file.storyboard; name = Base; path = Base.lproj/Main.storyboard; sourceTree = "<group>"; };
		12F4E5921DDDDD5000BAFC03 /* Assets.xcassets */ = {isa = PBXFileReference; lastKnownFileType = folder.assetcatalog; path = Assets.xcassets; sourceTree = "<group>"; };
		12F4E5951DDDDD5000BAFC03 /* Base */ = {isa = PBXFileReference; lastKnownFileType = file.storyboard; name = Base; path = Base.lproj/LaunchScreen.storyboard; sourceTree = "<group>"; };
		12F4E5971DDDDD5000BAFC03 /* Info.plist */ = {isa = PBXFileReference; lastKnownFileType = text.plist.xml; path = Info.plist; sourceTree = "<group>"; };
		12F4E59C1DDDDD5000BAFC03 /* ScribeTests.xctest */ = {isa = PBXFileReference; explicitFileType = wrapper.cfbundle; includeInIndex = 0; path = ScribeTests.xctest; sourceTree = BUILT_PRODUCTS_DIR; };
		12F4E5A01DDDDD5000BAFC03 /* ScribeTests.swift */ = {isa = PBXFileReference; lastKnownFileType = sourcecode.swift; path = ScribeTests.swift; sourceTree = "<group>"; };
		12F4E5A21DDDDD5000BAFC03 /* Info.plist */ = {isa = PBXFileReference; lastKnownFileType = text.plist.xml; path = Info.plist; sourceTree = "<group>"; };
		12F4E5AE1DDDE19A00BAFC03 /* CircleButton.swift */ = {isa = PBXFileReference; fileEncoding = 4; lastKnownFileType = sourcecode.swift; path = CircleButton.swift; sourceTree = "<group>"; };
		12F4E5B11DDDE59D00BAFC03 /* test.m4a */ = {isa = PBXFileReference; lastKnownFileType = file; path = test.m4a; sourceTree = "<group>"; };
/* End PBXFileReference section */

/* Begin PBXFrameworksBuildPhase section */
		12F4E5851DDDDD4F00BAFC03 /* Frameworks */ = {
			isa = PBXFrameworksBuildPhase;
			buildActionMask = 2147483647;
			files = (
			);
			runOnlyForDeploymentPostprocessing = 0;
		};
		12F4E5991DDDDD5000BAFC03 /* Frameworks */ = {
			isa = PBXFrameworksBuildPhase;
			buildActionMask = 2147483647;
			files = (
			);
			runOnlyForDeploymentPostprocessing = 0;
		};
/* End PBXFrameworksBuildPhase section */

/* Begin PBXGroup section */
		12F4E57F1DDDDD4F00BAFC03 = {
			isa = PBXGroup;
			children = (
				12F4E58A1DDDDD5000BAFC03 /* Scribe */,
				12F4E59F1DDDDD5000BAFC03 /* ScribeTests */,
				12F4E5891DDDDD5000BAFC03 /* Products */,
			);
			sourceTree = "<group>";
		};
		12F4E5891DDDDD5000BAFC03 /* Products */ = {
			isa = PBXGroup;
			children = (
				12F4E5881DDDDD5000BAFC03 /* Scribe.app */,
				12F4E59C1DDDDD5000BAFC03 /* ScribeTests.xctest */,
			);
			name = Products;
			sourceTree = "<group>";
		};
		12F4E58A1DDDDD5000BAFC03 /* Scribe */ = {
			isa = PBXGroup;
			children = (
				12F4E5B01DDDE1B800BAFC03 /* Resources */,
				12F4E5AD1DDDE15D00BAFC03 /* Model */,
				12F4E5AC1DDDE15700BAFC03 /* View */,
				12F4E5AB1DDDE14E00BAFC03 /* Controller */,
				12F4E5941DDDDD5000BAFC03 /* LaunchScreen.storyboard */,
			);
			path = Scribe;
			sourceTree = "<group>";
		};
		12F4E59F1DDDDD5000BAFC03 /* ScribeTests */ = {
			isa = PBXGroup;
			children = (
				12F4E5A01DDDDD5000BAFC03 /* ScribeTests.swift */,
				12F4E5A21DDDDD5000BAFC03 /* Info.plist */,
			);
			path = ScribeTests;
			sourceTree = "<group>";
		};
		12F4E5AB1DDDE14E00BAFC03 /* Controller */ = {
			isa = PBXGroup;
			children = (
				12F4E58B1DDDDD5000BAFC03 /* AppDelegate.swift */,
				12F4E58D1DDDDD5000BAFC03 /* ViewController.swift */,
			);
			name = Controller;
			sourceTree = "<group>";
		};
		12F4E5AC1DDDE15700BAFC03 /* View */ = {
			isa = PBXGroup;
			children = (
				12F4E58F1DDDDD5000BAFC03 /* Main.storyboard */,
				12F4E5AE1DDDE19A00BAFC03 /* CircleButton.swift */,
			);
			name = View;
			sourceTree = "<group>";
		};
		12F4E5AD1DDDE15D00BAFC03 /* Model */ = {
			isa = PBXGroup;
			children = (
			);
			name = Model;
			sourceTree = "<group>";
		};
		12F4E5B01DDDE1B800BAFC03 /* Resources */ = {
			isa = PBXGroup;
			children = (
				12F4E5B11DDDE59D00BAFC03 /* test.m4a */,
				12F4E5921DDDDD5000BAFC03 /* Assets.xcassets */,
				12F4E5971DDDDD5000BAFC03 /* Info.plist */,
			);
			name = Resources;
			sourceTree = "<group>";
		};
/* End PBXGroup section */

/* Begin PBXNativeTarget section */
		12F4E5871DDDDD4F00BAFC03 /* Scribe */ = {
			isa = PBXNativeTarget;
			buildConfigurationList = 12F4E5A51DDDDD5000BAFC03 /* Build configuration list for PBXNativeTarget "Scribe" */;
			buildPhases = (
				12F4E5841DDDDD4F00BAFC03 /* Sources */,
				12F4E5851DDDDD4F00BAFC03 /* Frameworks */,
				12F4E5861DDDDD4F00BAFC03 /* Resources */,
			);
			buildRules = (
			);
			dependencies = (
			);
			name = Scribe;
			productName = Scribe;
			productReference = 12F4E5881DDDDD5000BAFC03 /* Scribe.app */;
			productType = "com.apple.product-type.application";
		};
		12F4E59B1DDDDD5000BAFC03 /* ScribeTests */ = {
			isa = PBXNativeTarget;
			buildConfigurationList = 12F4E5A81DDDDD5000BAFC03 /* Build configuration list for PBXNativeTarget "ScribeTests" */;
			buildPhases = (
				12F4E5981DDDDD5000BAFC03 /* Sources */,
				12F4E5991DDDDD5000BAFC03 /* Frameworks */,
				12F4E59A1DDDDD5000BAFC03 /* Resources */,
			);
			buildRules = (
			);
			dependencies = (
				12F4E59E1DDDDD5000BAFC03 /* PBXTargetDependency */,
			);
			name = ScribeTests;
			productName = ScribeTests;
			productReference = 12F4E59C1DDDDD5000BAFC03 /* ScribeTests.xctest */;
			productType = "com.apple.product-type.bundle.unit-test";
		};
/* End PBXNativeTarget section */

/* Begin PBXProject section */
		12F4E5801DDDDD4F00BAFC03 /* Project object */ = {
			isa = PBXProject;
			attributes = {
				LastSwiftUpdateCheck = 0810;
				LastUpgradeCheck = 0820;
				ORGANIZATIONNAME = brunnogoncalves;
				TargetAttributes = {
					12F4E5871DDDDD4F00BAFC03 = {
						CreatedOnToolsVersion = 8.1;
						DevelopmentTeam = 54DAHYNVB6;
						ProvisioningStyle = Automatic;
					};
					12F4E59B1DDDDD5000BAFC03 = {
						CreatedOnToolsVersion = 8.1;
						DevelopmentTeam = 54DAHYNVB6;
						ProvisioningStyle = Automatic;
						TestTargetID = 12F4E5871DDDDD4F00BAFC03;
					};
				};
			};
			buildConfigurationList = 12F4E5831DDDDD4F00BAFC03 /* Build configuration list for PBXProject "Scribe" */;
			compatibilityVersion = "Xcode 3.2";
			developmentRegion = English;
			hasScannedForEncodings = 0;
			knownRegions = (
				en,
				Base,
			);
			mainGroup = 12F4E57F1DDDDD4F00BAFC03;
			productRefGroup = 12F4E5891DDDDD5000BAFC03 /* Products */;
			projectDirPath = "";
			projectRoot = "";
			targets = (
				12F4E5871DDDDD4F00BAFC03 /* Scribe */,
				12F4E59B1DDDDD5000BAFC03 /* ScribeTests */,
			);
		};
/* End PBXProject section */

/* Begin PBXResourcesBuildPhase section */
		12F4E5861DDDDD4F00BAFC03 /* Resources */ = {
			isa = PBXResourcesBuildPhase;
			buildActionMask = 2147483647;
			files = (
				12F4E5B21DDDE59D00BAFC03 /* test.m4a in Resources */,
				12F4E5961DDDDD5000BAFC03 /* LaunchScreen.storyboard in Resources */,
				12F4E5931DDDDD5000BAFC03 /* Assets.xcassets in Resources */,
				12F4E5911DDDDD5000BAFC03 /* Main.storyboard in Resources */,
			);
			runOnlyForDeploymentPostprocessing = 0;
		};
		12F4E59A1DDDDD5000BAFC03 /* Resources */ = {
			isa = PBXResourcesBuildPhase;
			buildActionMask = 2147483647;
			files = (
			);
			runOnlyForDeploymentPostprocessing = 0;
		};
/* End PBXResourcesBuildPhase section */

/* Begin PBXSourcesBuildPhase section */
		12F4E5841DDDDD4F00BAFC03 /* Sources */ = {
			isa = PBXSourcesBuildPhase;
			buildActionMask = 2147483647;
			files = (
				12F4E5AF1DDDE19A00BAFC03 /* CircleButton.swift in Sources */,
				12F4E58E1DDDDD5000BAFC03 /* ViewController.swift in Sources */,
				12F4E58C1DDDDD5000BAFC03 /* AppDelegate.swift in Sources */,
			);
			runOnlyForDeploymentPostprocessing = 0;
		};
		12F4E5981DDDDD5000BAFC03 /* Sources */ = {
			isa = PBXSourcesBuildPhase;
			buildActionMask = 2147483647;
			files = (
				12F4E5A11DDDDD5000BAFC03 /* ScribeTests.swift in Sources */,
			);
			runOnlyForDeploymentPostprocessing = 0;
		};
/* End PBXSourcesBuildPhase section */

/* Begin PBXTargetDependency section */
		12F4E59E1DDDDD5000BAFC03 /* PBXTargetDependency */ = {
			isa = PBXTargetDependency;
			target = 12F4E5871DDDDD4F00BAFC03 /* Scribe */;
			targetProxy = 12F4E59D1DDDDD5000BAFC03 /* PBXContainerItemProxy */;
		};
/* End PBXTargetDependency section */

/* Begin PBXVariantGroup section */
		12F4E58F1DDDDD5000BAFC03 /* Main.storyboard */ = {
			isa = PBXVariantGroup;
			children = (
				12F4E5901DDDDD5000BAFC03 /* Base */,
			);
			name = Main.storyboard;
			sourceTree = "<group>";
		};
		12F4E5941DDDDD5000BAFC03 /* LaunchScreen.storyboard */ = {
			isa = PBXVariantGroup;
			children = (
				12F4E5951DDDDD5000BAFC03 /* Base */,
			);
			name = LaunchScreen.storyboard;
			sourceTree = "<group>";
		};
/* End PBXVariantGroup section */

/* Begin XCBuildConfiguration section */
		12F4E5A31DDDDD5000BAFC03 /* Debug */ = {
			isa = XCBuildConfiguration;
			buildSettings = {
				ALWAYS_SEARCH_USER_PATHS = NO;
				CLANG_ANALYZER_NONNULL = YES;
				CLANG_CXX_LANGUAGE_STANDARD = "gnu++0x";
				CLANG_CXX_LIBRARY = "libc++";
				CLANG_ENABLE_MODULES = YES;
				CLANG_ENABLE_OBJC_ARC = YES;
				CLANG_WARN_BOOL_CONVERSION = YES;
				CLANG_WARN_CONSTANT_CONVERSION = YES;
				CLANG_WARN_DIRECT_OBJC_ISA_USAGE = YES_ERROR;
				CLANG_WARN_DOCUMENTATION_COMMENTS = YES;
				CLANG_WARN_EMPTY_BODY = YES;
				CLANG_WARN_ENUM_CONVERSION = YES;
				CLANG_WARN_INFINITE_RECURSION = YES;
				CLANG_WARN_INT_CONVERSION = YES;
				CLANG_WARN_OBJC_ROOT_CLASS = YES_ERROR;
				CLANG_WARN_SUSPICIOUS_MOVE = YES;
				CLANG_WARN_SUSPICIOUS_MOVES = YES;
				CLANG_WARN_UNREACHABLE_CODE = YES;
				CLANG_WARN__DUPLICATE_METHOD_MATCH = YES;
				"CODE_SIGN_IDENTITY[sdk=iphoneos*]" = "iPhone Developer";
				COPY_PHASE_STRIP = NO;
				DEBUG_INFORMATION_FORMAT = dwarf;
				ENABLE_STRICT_OBJC_MSGSEND = YES;
				ENABLE_TESTABILITY = YES;
				GCC_C_LANGUAGE_STANDARD = gnu99;
				GCC_DYNAMIC_NO_PIC = NO;
				GCC_NO_COMMON_BLOCKS = YES;
				GCC_OPTIMIZATION_LEVEL = 0;
				GCC_PREPROCESSOR_DEFINITIONS = (
					"DEBUG=1",
					"$(inherited)",
				);
				GCC_WARN_64_TO_32_BIT_CONVERSION = YES;
				GCC_WARN_ABOUT_RETURN_TYPE = YES_ERROR;
				GCC_WARN_UNDECLARED_SELECTOR = YES;
				GCC_WARN_UNINITIALIZED_AUTOS = YES_AGGRESSIVE;
				GCC_WARN_UNUSED_FUNCTION = YES;
				GCC_WARN_UNUSED_VARIABLE = YES;
				IPHONEOS_DEPLOYMENT_TARGET = 10.1;
				MTL_ENABLE_DEBUG_INFO = YES;
				ONLY_ACTIVE_ARCH = YES;
				SDKROOT = iphoneos;
				SWIFT_ACTIVE_COMPILATION_CONDITIONS = DEBUG;
				SWIFT_OPTIMIZATION_LEVEL = "-Onone";
			};
			name = Debug;
		};
		12F4E5A41DDDDD5000BAFC03 /* Release */ = {
			isa = XCBuildConfiguration;
			buildSettings = {
				ALWAYS_SEARCH_USER_PATHS = NO;
				CLANG_ANALYZER_NONNULL = YES;
				CLANG_CXX_LANGUAGE_STANDARD = "gnu++0x";
				CLANG_CXX_LIBRARY = "libc++";
				CLANG_ENABLE_MODULES = YES;
				CLANG_ENABLE_OBJC_ARC = YES;
				CLANG_WARN_BOOL_CONVERSION = YES;
				CLANG_WARN_CONSTANT_CONVERSION = YES;
				CLANG_WARN_DIRECT_OBJC_ISA_USAGE = YES_ERROR;
				CLANG_WARN_DOCUMENTATION_COMMENTS = YES;
				CLANG_WARN_EMPTY_BODY = YES;
				CLANG_WARN_ENUM_CONVERSION = YES;
				CLANG_WARN_INFINITE_RECURSION = YES;
				CLANG_WARN_INT_CONVERSION = YES;
				CLANG_WARN_OBJC_ROOT_CLASS = YES_ERROR;
				CLANG_WARN_SUSPICIOUS_MOVE = YES;
				CLANG_WARN_SUSPICIOUS_MOVES = YES;
				CLANG_WARN_UNREACHABLE_CODE = YES;
				CLANG_WARN__DUPLICATE_METHOD_MATCH = YES;
				"CODE_SIGN_IDENTITY[sdk=iphoneos*]" = "iPhone Developer";
				COPY_PHASE_STRIP = NO;
				DEBUG_INFORMATION_FORMAT = "dwarf-with-dsym";
				ENABLE_NS_ASSERTIONS = NO;
				ENABLE_STRICT_OBJC_MSGSEND = YES;
				GCC_C_LANGUAGE_STANDARD = gnu99;
				GCC_NO_COMMON_BLOCKS = YES;
				GCC_WARN_64_TO_32_BIT_CONVERSION = YES;
				GCC_WARN_ABOUT_RETURN_TYPE = YES_ERROR;
				GCC_WARN_UNDECLARED_SELECTOR = YES;
				GCC_WARN_UNINITIALIZED_AUTOS = YES_AGGRESSIVE;
				GCC_WARN_UNUSED_FUNCTION = YES;
				GCC_WARN_UNUSED_VARIABLE = YES;
				IPHONEOS_DEPLOYMENT_TARGET = 10.1;
				MTL_ENABLE_DEBUG_INFO = NO;
				SDKROOT = iphoneos;
				SWIFT_OPTIMIZATION_LEVEL = "-Owholemodule";
				VALIDATE_PRODUCT = YES;
			};
			name = Release;
		};
		12F4E5A61DDDDD5000BAFC03 /* Debug */ = {
			isa = XCBuildConfiguration;
			buildSettings = {
				ASSETCATALOG_COMPILER_APPICON_NAME = AppIcon;
				DEVELOPMENT_TEAM = 54DAHYNVB6;
				INFOPLIST_FILE = Scribe/Info.plist;
				LD_RUNPATH_SEARCH_PATHS = "$(inherited) @executable_path/Frameworks";
				PRODUCT_BUNDLE_IDENTIFIER = com.brunnogoncalves.Scribe;
				PRODUCT_NAME = "$(TARGET_NAME)";
				SWIFT_VERSION = 3.0;
			};
			name = Debug;
		};
		12F4E5A71DDDDD5000BAFC03 /* Release */ = {
			isa = XCBuildConfiguration;
			buildSettings = {
				ASSETCATALOG_COMPILER_APPICON_NAME = AppIcon;
				DEVELOPMENT_TEAM = 54DAHYNVB6;
				INFOPLIST_FILE = Scribe/Info.plist;
				LD_RUNPATH_SEARCH_PATHS = "$(inherited) @executable_path/Frameworks";
				PRODUCT_BUNDLE_IDENTIFIER = com.brunnogoncalves.Scribe;
				PRODUCT_NAME = "$(TARGET_NAME)";
				SWIFT_VERSION = 3.0;
			};
			name = Release;
		};
		12F4E5A91DDDDD5000BAFC03 /* Debug */ = {
			isa = XCBuildConfiguration;
			buildSettings = {
				ALWAYS_EMBED_SWIFT_STANDARD_LIBRARIES = YES;
				BUNDLE_LOADER = "$(TEST_HOST)";
				DEVELOPMENT_TEAM = 54DAHYNVB6;
				INFOPLIST_FILE = ScribeTests/Info.plist;
				LD_RUNPATH_SEARCH_PATHS = "$(inherited) @executable_path/Frameworks @loader_path/Frameworks";
				PRODUCT_BUNDLE_IDENTIFIER = com.brunnogoncalves.ScribeTests;
				PRODUCT_NAME = "$(TARGET_NAME)";
				SWIFT_VERSION = 3.0;
				TEST_HOST = "$(BUILT_PRODUCTS_DIR)/Scribe.app/Scribe";
			};
			name = Debug;
		};
		12F4E5AA1DDDDD5000BAFC03 /* Release */ = {
			isa = XCBuildConfiguration;
			buildSettings = {
				ALWAYS_EMBED_SWIFT_STANDARD_LIBRARIES = YES;
				BUNDLE_LOADER = "$(TEST_HOST)";
				DEVELOPMENT_TEAM = 54DAHYNVB6;
				INFOPLIST_FILE = ScribeTests/Info.plist;
				LD_RUNPATH_SEARCH_PATHS = "$(inherited) @executable_path/Frameworks @loader_path/Frameworks";
				PRODUCT_BUNDLE_IDENTIFIER = com.brunnogoncalves.ScribeTests;
				PRODUCT_NAME = "$(TARGET_NAME)";
				SWIFT_VERSION = 3.0;
				TEST_HOST = "$(BUILT_PRODUCTS_DIR)/Scribe.app/Scribe";
			};
			name = Release;
		};
/* End XCBuildConfiguration section */

/* Begin XCConfigurationList section */
		12F4E5831DDDDD4F00BAFC03 /* Build configuration list for PBXProject "Scribe" */ = {
			isa = XCConfigurationList;
			buildConfigurations = (
				12F4E5A31DDDDD5000BAFC03 /* Debug */,
				12F4E5A41DDDDD5000BAFC03 /* Release */,
			);
			defaultConfigurationIsVisible = 0;
			defaultConfigurationName = Release;
		};
		12F4E5A51DDDDD5000BAFC03 /* Build configuration list for PBXNativeTarget "Scribe" */ = {
			isa = XCConfigurationList;
			buildConfigurations = (
				12F4E5A61DDDDD5000BAFC03 /* Debug */,
				12F4E5A71DDDDD5000BAFC03 /* Release */,
			);
			defaultConfigurationIsVisible = 0;
			defaultConfigurationName = Release;
		};
		12F4E5A81DDDDD5000BAFC03 /* Build configuration list for PBXNativeTarget "ScribeTests" */ = {
			isa = XCConfigurationList;
			buildConfigurations = (
				12F4E5A91DDDDD5000BAFC03 /* Debug */,
				12F4E5AA1DDDDD5000BAFC03 /* Release */,
			);
			defaultConfigurationIsVisible = 0;
			defaultConfigurationName = Release;
		};
/* End XCConfigurationList section */
	};
	rootObject = 12F4E5801DDDDD4F00BAFC03 /* Project object */;
}
